// !$*UTF8*$!
{
	archiveVersion = 1;
	classes = {
	};
	objectVersion = 46;
	objects = {

/* Begin PBXBuildFile section */
		836CD3861ED5CEA100CC436B /* UITextView-Configuration.swift in Sources */ = {isa = PBXBuildFile; fileRef = 836CD3851ED5CEA100CC436B /* UITextView-Configuration.swift */; };
		836CD3881ED5CECB00CC436B /* UIFont-TextStyles.swift in Sources */ = {isa = PBXBuildFile; fileRef = 836CD3871ED5CECB00CC436B /* UIFont-TextStyles.swift */; };
		836CD38A1ED5CEF100CC436B /* UIColor-Swatches.swift in Sources */ = {isa = PBXBuildFile; fileRef = 836CD3891ED5CEF100CC436B /* UIColor-Swatches.swift */; };
		836CD38C1ED5CF0C00CC436B /* NSObject-callSelector.swift in Sources */ = {isa = PBXBuildFile; fileRef = 836CD38B1ED5CF0C00CC436B /* NSObject-callSelector.swift */; };
		839A74EE1ED5470D00B46DE0 /* AppDelegate.swift in Sources */ = {isa = PBXBuildFile; fileRef = 839A74ED1ED5470D00B46DE0 /* AppDelegate.swift */; };
		839A74F01ED5470D00B46DE0 /* ViewController.swift in Sources */ = {isa = PBXBuildFile; fileRef = 839A74EF1ED5470D00B46DE0 /* ViewController.swift */; };
		839A74F31ED5470D00B46DE0 /* Main.storyboard in Resources */ = {isa = PBXBuildFile; fileRef = 839A74F11ED5470D00B46DE0 /* Main.storyboard */; };
		839A74F51ED5470D00B46DE0 /* Assets.xcassets in Resources */ = {isa = PBXBuildFile; fileRef = 839A74F41ED5470D00B46DE0 /* Assets.xcassets */; };
		839A74F81ED5470D00B46DE0 /* LaunchScreen.storyboard in Resources */ = {isa = PBXBuildFile; fileRef = 839A74F61ED5470D00B46DE0 /* LaunchScreen.storyboard */; };
		CE8C09FFEF3B0DA5F4BA3AEE /* Pods_Your_Happiness_Now.framework in Frameworks */ = {isa = PBXBuildFile; fileRef = D88EAA77B278B4AA9AE3AB44 /* Pods_Your_Happiness_Now.framework */; };
/* End PBXBuildFile section */

/* Begin PBXFileReference section */
		2968932C0B7C15924D4DE28D /* Pods-Your Happiness Now.debug.xcconfig */ = {isa = PBXFileReference; includeInIndex = 1; lastKnownFileType = text.xcconfig; name = "Pods-Your Happiness Now.debug.xcconfig"; path = "Pods/Target Support Files/Pods-Your Happiness Now/Pods-Your Happiness Now.debug.xcconfig"; sourceTree = "<group>"; };
		65997841F2E3B84ACBC6F8ED /* Pods-Your Happiness Now.release.xcconfig */ = {isa = PBXFileReference; includeInIndex = 1; lastKnownFileType = text.xcconfig; name = "Pods-Your Happiness Now.release.xcconfig"; path = "Pods/Target Support Files/Pods-Your Happiness Now/Pods-Your Happiness Now.release.xcconfig"; sourceTree = "<group>"; };
		836CD3851ED5CEA100CC436B /* UITextView-Configuration.swift */ = {isa = PBXFileReference; fileEncoding = 4; lastKnownFileType = sourcecode.swift; name = "UITextView-Configuration.swift"; path = "Your Happiness Now/Extensions/UITextView-Configuration.swift"; sourceTree = "<group>"; };
		836CD3871ED5CECB00CC436B /* UIFont-TextStyles.swift */ = {isa = PBXFileReference; fileEncoding = 4; lastKnownFileType = sourcecode.swift; name = "UIFont-TextStyles.swift"; path = "Your Happiness Now/Extensions/UIFont-TextStyles.swift"; sourceTree = "<group>"; };
		836CD3891ED5CEF100CC436B /* UIColor-Swatches.swift */ = {isa = PBXFileReference; fileEncoding = 4; lastKnownFileType = sourcecode.swift; name = "UIColor-Swatches.swift"; path = "Your Happiness Now/Extensions/UIColor-Swatches.swift"; sourceTree = "<group>"; };
		836CD38B1ED5CF0C00CC436B /* NSObject-callSelector.swift */ = {isa = PBXFileReference; fileEncoding = 4; lastKnownFileType = sourcecode.swift; name = "NSObject-callSelector.swift"; path = "Your Happiness Now/Extensions/NSObject-callSelector.swift"; sourceTree = "<group>"; };
		839A74EA1ED5470D00B46DE0 /* Your Happiness Now.app */ = {isa = PBXFileReference; explicitFileType = wrapper.application; includeInIndex = 0; path = "Your Happiness Now.app"; sourceTree = BUILT_PRODUCTS_DIR; };
		839A74ED1ED5470D00B46DE0 /* AppDelegate.swift */ = {isa = PBXFileReference; lastKnownFileType = sourcecode.swift; path = AppDelegate.swift; sourceTree = "<group>"; };
		839A74EF1ED5470D00B46DE0 /* ViewController.swift */ = {isa = PBXFileReference; lastKnownFileType = sourcecode.swift; path = ViewController.swift; sourceTree = "<group>"; };
		839A74F21ED5470D00B46DE0 /* Base */ = {isa = PBXFileReference; lastKnownFileType = file.storyboard; name = Base; path = Base.lproj/Main.storyboard; sourceTree = "<group>"; };
		839A74F41ED5470D00B46DE0 /* Assets.xcassets */ = {isa = PBXFileReference; lastKnownFileType = folder.assetcatalog; path = Assets.xcassets; sourceTree = "<group>"; };
		839A74F71ED5470D00B46DE0 /* Base */ = {isa = PBXFileReference; lastKnownFileType = file.storyboard; name = Base; path = Base.lproj/LaunchScreen.storyboard; sourceTree = "<group>"; };
		839A74F91ED5470D00B46DE0 /* Info.plist */ = {isa = PBXFileReference; lastKnownFileType = text.plist.xml; path = Info.plist; sourceTree = "<group>"; };
		D88EAA77B278B4AA9AE3AB44 /* Pods_Your_Happiness_Now.framework */ = {isa = PBXFileReference; explicitFileType = wrapper.framework; includeInIndex = 0; path = Pods_Your_Happiness_Now.framework; sourceTree = BUILT_PRODUCTS_DIR; };
/* End PBXFileReference section */

/* Begin PBXFrameworksBuildPhase section */
		839A74E71ED5470D00B46DE0 /* Frameworks */ = {
			isa = PBXFrameworksBuildPhase;
			buildActionMask = 2147483647;
			files = (
				CE8C09FFEF3B0DA5F4BA3AEE /* Pods_Your_Happiness_Now.framework in Frameworks */,
			);
			runOnlyForDeploymentPostprocessing = 0;
		};
/* End PBXFrameworksBuildPhase section */

/* Begin PBXGroup section */
		836CD3841ED5CE7A00CC436B /* Extensions */ = {
			isa = PBXGroup;
			children = (
				836CD3851ED5CEA100CC436B /* UITextView-Configuration.swift */,
				836CD3871ED5CECB00CC436B /* UIFont-TextStyles.swift */,
				836CD3891ED5CEF100CC436B /* UIColor-Swatches.swift */,
				836CD38B1ED5CF0C00CC436B /* NSObject-callSelector.swift */,
			);
			name = Extensions;
			sourceTree = "<group>";
		};
		839A74E11ED5470D00B46DE0 = {
			isa = PBXGroup;
			children = (
				836CD3841ED5CE7A00CC436B /* Extensions */,
				839A74EC1ED5470D00B46DE0 /* Your Happiness Now */,
				839A74EB1ED5470D00B46DE0 /* Products */,
				A7A8E72CD8FC3C820CD20F3B /* Pods */,
				FA5F8608A5C556B62AC3BCDB /* Frameworks */,
			);
			sourceTree = "<group>";
		};
		839A74EB1ED5470D00B46DE0 /* Products */ = {
			isa = PBXGroup;
			children = (
				839A74EA1ED5470D00B46DE0 /* Your Happiness Now.app */,
			);
			name = Products;
			sourceTree = "<group>";
		};
		839A74EC1ED5470D00B46DE0 /* Your Happiness Now */ = {
			isa = PBXGroup;
			children = (
				839A74ED1ED5470D00B46DE0 /* AppDelegate.swift */,
				839A74EF1ED5470D00B46DE0 /* ViewController.swift */,
				839A74F11ED5470D00B46DE0 /* Main.storyboard */,
				839A74F41ED5470D00B46DE0 /* Assets.xcassets */,
				839A74F61ED5470D00B46DE0 /* LaunchScreen.storyboard */,
				839A74F91ED5470D00B46DE0 /* Info.plist */,
			);
			path = "Your Happiness Now";
			sourceTree = "<group>";
		};
		A7A8E72CD8FC3C820CD20F3B /* Pods */ = {
			isa = PBXGroup;
			children = (
				2968932C0B7C15924D4DE28D /* Pods-Your Happiness Now.debug.xcconfig */,
				65997841F2E3B84ACBC6F8ED /* Pods-Your Happiness Now.release.xcconfig */,
			);
			name = Pods;
			sourceTree = "<group>";
		};
		FA5F8608A5C556B62AC3BCDB /* Frameworks */ = {
			isa = PBXGroup;
			children = (
				D88EAA77B278B4AA9AE3AB44 /* Pods_Your_Happiness_Now.framework */,
			);
			name = Frameworks;
			sourceTree = "<group>";
		};
/* End PBXGroup section */

/* Begin PBXNativeTarget section */
		839A74E91ED5470D00B46DE0 /* Your Happiness Now */ = {
			isa = PBXNativeTarget;
			buildConfigurationList = 839A74FC1ED5470D00B46DE0 /* Build configuration list for PBXNativeTarget "Your Happiness Now" */;
			buildPhases = (
				B0E07FE7974AA9CFD9964AEF /* [CP] Check Pods Manifest.lock */,
				839A74E61ED5470D00B46DE0 /* Sources */,
				839A74E71ED5470D00B46DE0 /* Frameworks */,
				839A74E81ED5470D00B46DE0 /* Resources */,
				24B00AEFE759320237815F2A /* [CP] Embed Pods Frameworks */,
				738E335335C4D38A497994E2 /* [CP] Copy Pods Resources */,
			);
			buildRules = (
			);
			dependencies = (
			);
			name = "Your Happiness Now";
			productName = "Your Happiness Now";
			productReference = 839A74EA1ED5470D00B46DE0 /* Your Happiness Now.app */;
			productType = "com.apple.product-type.application";
		};
/* End PBXNativeTarget section */

/* Begin PBXProject section */
		839A74E21ED5470D00B46DE0 /* Project object */ = {
			isa = PBXProject;
			attributes = {
				LastSwiftUpdateCheck = 0830;
				LastUpgradeCheck = 0830;
				ORGANIZATIONNAME = "Six Voices";
				TargetAttributes = {
					839A74E91ED5470D00B46DE0 = {
						CreatedOnToolsVersion = 8.3.2;
						DevelopmentTeam = 75NPGEFXH4;
						ProvisioningStyle = Automatic;
					};
				};
			};
			buildConfigurationList = 839A74E51ED5470D00B46DE0 /* Build configuration list for PBXProject "Your Happiness Now" */;
			compatibilityVersion = "Xcode 3.2";
			developmentRegion = English;
			hasScannedForEncodings = 0;
			knownRegions = (
				en,
				Base,
			);
			mainGroup = 839A74E11ED5470D00B46DE0;
			productRefGroup = 839A74EB1ED5470D00B46DE0 /* Products */;
			projectDirPath = "";
			projectRoot = "";
			targets = (
				839A74E91ED5470D00B46DE0 /* Your Happiness Now */,
			);
		};
/* End PBXProject section */

/* Begin PBXResourcesBuildPhase section */
		839A74E81ED5470D00B46DE0 /* Resources */ = {
			isa = PBXResourcesBuildPhase;
			buildActionMask = 2147483647;
			files = (
				839A74F81ED5470D00B46DE0 /* LaunchScreen.storyboard in Resources */,
				839A74F51ED5470D00B46DE0 /* Assets.xcassets in Resources */,
				839A74F31ED5470D00B46DE0 /* Main.storyboard in Resources */,
			);
			runOnlyForDeploymentPostprocessing = 0;
		};
/* End PBXResourcesBuildPhase section */

/* Begin PBXShellScriptBuildPhase section */
		24B00AEFE759320237815F2A /* [CP] Embed Pods Frameworks */ = {
			isa = PBXShellScriptBuildPhase;
			buildActionMask = 2147483647;
			files = (
			);
			inputPaths = (
			);
			name = "[CP] Embed Pods Frameworks";
			outputPaths = (
			);
			runOnlyForDeploymentPostprocessing = 0;
			shellPath = /bin/sh;
			shellScript = "\"${SRCROOT}/Pods/Target Support Files/Pods-Your Happiness Now/Pods-Your Happiness Now-frameworks.sh\"\n";
			showEnvVarsInLog = 0;
		};
		738E335335C4D38A497994E2 /* [CP] Copy Pods Resources */ = {
			isa = PBXShellScriptBuildPhase;
			buildActionMask = 2147483647;
			files = (
			);
			inputPaths = (
			);
			name = "[CP] Copy Pods Resources";
			outputPaths = (
			);
			runOnlyForDeploymentPostprocessing = 0;
			shellPath = /bin/sh;
			shellScript = "\"${SRCROOT}/Pods/Target Support Files/Pods-Your Happiness Now/Pods-Your Happiness Now-resources.sh\"\n";
			showEnvVarsInLog = 0;
		};
		B0E07FE7974AA9CFD9964AEF /* [CP] Check Pods Manifest.lock */ = {
			isa = PBXShellScriptBuildPhase;
			buildActionMask = 2147483647;
			files = (
			);
			inputPaths = (
			);
			name = "[CP] Check Pods Manifest.lock";
			outputPaths = (
			);
			runOnlyForDeploymentPostprocessing = 0;
			shellPath = /bin/sh;
			shellScript = "diff \"${PODS_ROOT}/../Podfile.lock\" \"${PODS_ROOT}/Manifest.lock\" > /dev/null\nif [ $? != 0 ] ; then\n    # print error to STDERR\n    echo \"error: The sandbox is not in sync with the Podfile.lock. Run 'pod install' or update your CocoaPods installation.\" >&2\n    exit 1\nfi\n";
			showEnvVarsInLog = 0;
		};
/* End PBXShellScriptBuildPhase section */

/* Begin PBXSourcesBuildPhase section */
		839A74E61ED5470D00B46DE0 /* Sources */ = {
			isa = PBXSourcesBuildPhase;
			buildActionMask = 2147483647;
			files = (
				836CD3861ED5CEA100CC436B /* UITextView-Configuration.swift in Sources */,
				836CD3881ED5CECB00CC436B /* UIFont-TextStyles.swift in Sources */,
				839A74F01ED5470D00B46DE0 /* ViewController.swift in Sources */,
				839A74EE1ED5470D00B46DE0 /* AppDelegate.swift in Sources */,
				836CD38C1ED5CF0C00CC436B /* NSObject-callSelector.swift in Sources */,
				836CD38A1ED5CEF100CC436B /* UIColor-Swatches.swift in Sources */,
			);
			runOnlyForDeploymentPostprocessing = 0;
		};
/* End PBXSourcesBuildPhase section */

/* Begin PBXVariantGroup section */
		839A74F11ED5470D00B46DE0 /* Main.storyboard */ = {
			isa = PBXVariantGroup;
			children = (
				839A74F21ED5470D00B46DE0 /* Base */,
			);
			name = Main.storyboard;
			sourceTree = "<group>";
		};
		839A74F61ED5470D00B46DE0 /* LaunchScreen.storyboard */ = {
			isa = PBXVariantGroup;
			children = (
				839A74F71ED5470D00B46DE0 /* Base */,
			);
			name = LaunchScreen.storyboard;
			sourceTree = "<group>";
		};
/* End PBXVariantGroup section */

/* Begin XCBuildConfiguration section */
		839A74FA1ED5470D00B46DE0 /* Debug */ = {
			isa = XCBuildConfiguration;
			buildSettings = {
				ALWAYS_SEARCH_USER_PATHS = NO;
				CLANG_ANALYZER_NONNULL = YES;
				CLANG_ANALYZER_NUMBER_OBJECT_CONVERSION = YES_AGGRESSIVE;
				CLANG_CXX_LANGUAGE_STANDARD = "gnu++0x";
				CLANG_CXX_LIBRARY = "libc++";
				CLANG_ENABLE_MODULES = YES;
				CLANG_ENABLE_OBJC_ARC = YES;
				CLANG_WARN_BOOL_CONVERSION = YES;
				CLANG_WARN_CONSTANT_CONVERSION = YES;
				CLANG_WARN_DIRECT_OBJC_ISA_USAGE = YES_ERROR;
				CLANG_WARN_DOCUMENTATION_COMMENTS = YES;
				CLANG_WARN_EMPTY_BODY = YES;
				CLANG_WARN_ENUM_CONVERSION = YES;
				CLANG_WARN_INFINITE_RECURSION = YES;
				CLANG_WARN_INT_CONVERSION = YES;
				CLANG_WARN_OBJC_ROOT_CLASS = YES_ERROR;
				CLANG_WARN_SUSPICIOUS_MOVE = YES;
				CLANG_WARN_UNREACHABLE_CODE = YES;
				CLANG_WARN__DUPLICATE_METHOD_MATCH = YES;
				"CODE_SIGN_IDENTITY[sdk=iphoneos*]" = "iPhone Developer";
				COPY_PHASE_STRIP = NO;
				DEBUG_INFORMATION_FORMAT = dwarf;
				ENABLE_STRICT_OBJC_MSGSEND = YES;
				ENABLE_TESTABILITY = YES;
				GCC_C_LANGUAGE_STANDARD = gnu99;
				GCC_DYNAMIC_NO_PIC = NO;
				GCC_NO_COMMON_BLOCKS = YES;
				GCC_OPTIMIZATION_LEVEL = 0;
				GCC_PREPROCESSOR_DEFINITIONS = (
					"DEBUG=1",
					"$(inherited)",
				);
				GCC_WARN_64_TO_32_BIT_CONVERSION = YES;
				GCC_WARN_ABOUT_RETURN_TYPE = YES_ERROR;
				GCC_WARN_UNDECLARED_SELECTOR = YES;
				GCC_WARN_UNINITIALIZED_AUTOS = YES_AGGRESSIVE;
				GCC_WARN_UNUSED_FUNCTION = YES;
				GCC_WARN_UNUSED_VARIABLE = YES;
				IPHONEOS_DEPLOYMENT_TARGET = 10.3;
				MTL_ENABLE_DEBUG_INFO = YES;
				ONLY_ACTIVE_ARCH = YES;
				SDKROOT = iphoneos;
				SWIFT_ACTIVE_COMPILATION_CONDITIONS = DEBUG;
				SWIFT_OPTIMIZATION_LEVEL = "-Onone";
			};
			name = Debug;
		};
		839A74FB1ED5470D00B46DE0 /* Release */ = {
			isa = XCBuildConfiguration;
			buildSettings = {
				ALWAYS_SEARCH_USER_PATHS = NO;
				CLANG_ANALYZER_NONNULL = YES;
				CLANG_ANALYZER_NUMBER_OBJECT_CONVERSION = YES_AGGRESSIVE;
				CLANG_CXX_LANGUAGE_STANDARD = "gnu++0x";
				CLANG_CXX_LIBRARY = "libc++";
				CLANG_ENABLE_MODULES = YES;
				CLANG_ENABLE_OBJC_ARC = YES;
				CLANG_WARN_BOOL_CONVERSION = YES;
				CLANG_WARN_CONSTANT_CONVERSION = YES;
				CLANG_WARN_DIRECT_OBJC_ISA_USAGE = YES_ERROR;
				CLANG_WARN_DOCUMENTATION_COMMENTS = YES;
				CLANG_WARN_EMPTY_BODY = YES;
				CLANG_WARN_ENUM_CONVERSION = YES;
				CLANG_WARN_INFINITE_RECURSION = YES;
				CLANG_WARN_INT_CONVERSION = YES;
				CLANG_WARN_OBJC_ROOT_CLASS = YES_ERROR;
				CLANG_WARN_SUSPICIOUS_MOVE = YES;
				CLANG_WARN_UNREACHABLE_CODE = YES;
				CLANG_WARN__DUPLICATE_METHOD_MATCH = YES;
				"CODE_SIGN_IDENTITY[sdk=iphoneos*]" = "iPhone Developer";
				COPY_PHASE_STRIP = NO;
				DEBUG_INFORMATION_FORMAT = "dwarf-with-dsym";
				ENABLE_NS_ASSERTIONS = NO;
				ENABLE_STRICT_OBJC_MSGSEND = YES;
				GCC_C_LANGUAGE_STANDARD = gnu99;
				GCC_NO_COMMON_BLOCKS = YES;
				GCC_WARN_64_TO_32_BIT_CONVERSION = YES;
				GCC_WARN_ABOUT_RETURN_TYPE = YES_ERROR;
				GCC_WARN_UNDECLARED_SELECTOR = YES;
				GCC_WARN_UNINITIALIZED_AUTOS = YES_AGGRESSIVE;
				GCC_WARN_UNUSED_FUNCTION = YES;
				GCC_WARN_UNUSED_VARIABLE = YES;
				IPHONEOS_DEPLOYMENT_TARGET = 10.3;
				MTL_ENABLE_DEBUG_INFO = NO;
				SDKROOT = iphoneos;
				SWIFT_OPTIMIZATION_LEVEL = "-Owholemodule";
				VALIDATE_PRODUCT = YES;
			};
			name = Release;
		};
		839A74FD1ED5470D00B46DE0 /* Debug */ = {
			isa = XCBuildConfiguration;
			baseConfigurationReference = 2968932C0B7C15924D4DE28D /* Pods-Your Happiness Now.debug.xcconfig */;
			buildSettings = {
				ASSETCATALOG_COMPILER_APPICON_NAME = AppIcon;
				DEVELOPMENT_TEAM = 75NPGEFXH4;
				INFOPLIST_FILE = "Your Happiness Now/Info.plist";
				LD_RUNPATH_SEARCH_PATHS = "$(inherited) @executable_path/Frameworks";
				PRODUCT_BUNDLE_IDENTIFIER = com.sixvoices.happy;
				PRODUCT_NAME = "$(TARGET_NAME)";
				SWIFT_VERSION = 3.0;
				TARGETED_DEVICE_FAMILY = "1,2";
			};
			name = Debug;
		};
		839A74FE1ED5470D00B46DE0 /* Release */ = {
			isa = XCBuildConfiguration;
			baseConfigurationReference = 65997841F2E3B84ACBC6F8ED /* Pods-Your Happiness Now.release.xcconfig */;
			buildSettings = {
				ASSETCATALOG_COMPILER_APPICON_NAME = AppIcon;
				DEVELOPMENT_TEAM = 75NPGEFXH4;
				INFOPLIST_FILE = "Your Happiness Now/Info.plist";
				LD_RUNPATH_SEARCH_PATHS = "$(inherited) @executable_path/Frameworks";
				PRODUCT_BUNDLE_IDENTIFIER = com.sixvoices.happy;
				PRODUCT_NAME = "$(TARGET_NAME)";
				SWIFT_VERSION = 3.0;
				TARGETED_DEVICE_FAMILY = "1,2";
			};
			name = Release;
		};
/* End XCBuildConfiguration section */

/* Begin XCConfigurationList section */
		839A74E51ED5470D00B46DE0 /* Build configuration list for PBXProject "Your Happiness Now" */ = {
			isa = XCConfigurationList;
			buildConfigurations = (
				839A74FA1ED5470D00B46DE0 /* Debug */,
				839A74FB1ED5470D00B46DE0 /* Release */,
			);
			defaultConfigurationIsVisible = 0;
			defaultConfigurationName = Release;
		};
		839A74FC1ED5470D00B46DE0 /* Build configuration list for PBXNativeTarget "Your Happiness Now" */ = {
			isa = XCConfigurationList;
			buildConfigurations = (
				839A74FD1ED5470D00B46DE0 /* Debug */,
				839A74FE1ED5470D00B46DE0 /* Release */,
			);
			defaultConfigurationIsVisible = 0;
			defaultConfigurationName = Release;
		};
/* End XCConfigurationList section */
	};
	rootObject = 839A74E21ED5470D00B46DE0 /* Project object */;
}
