// !$*UTF8*$!
{
	archiveVersion = 1;
	classes = {
	};
	objectVersion = 46;
	objects = {

/* Begin PBXBuildFile section */
		834E5EED1EDDC696008C8F93 /* VideosVC.swift in Sources */ = {isa = PBXBuildFile; fileRef = 834E5EEC1EDDC696008C8F93 /* VideosVC.swift */; };
		834E5EF11EDDC725008C8F93 /* ResourcesVC.swift in Sources */ = {isa = PBXBuildFile; fileRef = 834E5EF01EDDC725008C8F93 /* ResourcesVC.swift */; };
		834E5EF31EDDCFD5008C8F93 /* Video.plist in Resources */ = {isa = PBXBuildFile; fileRef = 834E5EF21EDDCFD5008C8F93 /* Video.plist */; };
		834E5EF51EDDE04A008C8F93 /* Tools.plist in Resources */ = {isa = PBXBuildFile; fileRef = 834E5EF41EDDE04A008C8F93 /* Tools.plist */; };
		834E5F041EDDE66C008C8F93 /* UIWebView-loadPDF.swift in Sources */ = {isa = PBXBuildFile; fileRef = 834E5F031EDDE66C008C8F93 /* UIWebView-loadPDF.swift */; };
		834E5F061EDDE71D008C8F93 /* PDFVC.swift in Sources */ = {isa = PBXBuildFile; fileRef = 834E5F051EDDE71D008C8F93 /* PDFVC.swift */; };
		835B41111EDF1702007DDEAA /* NewContentsTableViewCell.swift in Sources */ = {isa = PBXBuildFile; fileRef = 835B41101EDF1702007DDEAA /* NewContentsTableViewCell.swift */; };
		836CD3861ED5CEA100CC436B /* UITextView-Configuration.swift in Sources */ = {isa = PBXBuildFile; fileRef = 836CD3851ED5CEA100CC436B /* UITextView-Configuration.swift */; };
		836CD3881ED5CECB00CC436B /* UIFont-TextStyles.swift in Sources */ = {isa = PBXBuildFile; fileRef = 836CD3871ED5CECB00CC436B /* UIFont-TextStyles.swift */; };
		836CD38A1ED5CEF100CC436B /* UIColor-Swatches.swift in Sources */ = {isa = PBXBuildFile; fileRef = 836CD3891ED5CEF100CC436B /* UIColor-Swatches.swift */; };
		836CD38C1ED5CF0C00CC436B /* NSObject-callSelector.swift in Sources */ = {isa = PBXBuildFile; fileRef = 836CD38B1ED5CF0C00CC436B /* NSObject-callSelector.swift */; };
		836CD3951ED5CF7C00CC436B /* ArticleVC.swift in Sources */ = {isa = PBXBuildFile; fileRef = 836CD38F1ED5CF7C00CC436B /* ArticleVC.swift */; };
		836CD3961ED5CF7C00CC436B /* ChapterVC.swift in Sources */ = {isa = PBXBuildFile; fileRef = 836CD3901ED5CF7C00CC436B /* ChapterVC.swift */; };
		836CD3971ED5CF7C00CC436B /* ContentsVC.swift in Sources */ = {isa = PBXBuildFile; fileRef = 836CD3911ED5CF7C00CC436B /* ContentsVC.swift */; };
		836CD3991ED5CF7C00CC436B /* ScrollingNav.swift in Sources */ = {isa = PBXBuildFile; fileRef = 836CD3931ED5CF7C00CC436B /* ScrollingNav.swift */; };
		836CD3A31ED5CFD700CC436B /* FileHelper.swift in Sources */ = {isa = PBXBuildFile; fileRef = 836CD39C1ED5CFD700CC436B /* FileHelper.swift */; };
		836CD3A41ED5CFD700CC436B /* TextStyles.swift in Sources */ = {isa = PBXBuildFile; fileRef = 836CD39D1ED5CFD700CC436B /* TextStyles.swift */; };
		836CD3A51ED5CFD700CC436B /* ChapterView.swift in Sources */ = {isa = PBXBuildFile; fileRef = 836CD39F1ED5CFD700CC436B /* ChapterView.swift */; };
		836CD3A61ED5CFD700CC436B /* ContentsTableViewCell.swift in Sources */ = {isa = PBXBuildFile; fileRef = 836CD3A01ED5CFD700CC436B /* ContentsTableViewCell.swift */; };
		836CD3A71ED5CFD700CC436B /* MenuTableViewCell.swift in Sources */ = {isa = PBXBuildFile; fileRef = 836CD3A11ED5CFD700CC436B /* MenuTableViewCell.swift */; };
		836CD3AE1ED5CFE400CC436B /* Montserrat-Bold.ttf in Resources */ = {isa = PBXBuildFile; fileRef = 836CD3A91ED5CFE400CC436B /* Montserrat-Bold.ttf */; };
		836CD3AF1ED5CFE400CC436B /* Montserrat-Regular.ttf in Resources */ = {isa = PBXBuildFile; fileRef = 836CD3AA1ED5CFE400CC436B /* Montserrat-Regular.ttf */; };
		836CD3B01ED5CFE400CC436B /* OpenSans-Italic.ttf in Resources */ = {isa = PBXBuildFile; fileRef = 836CD3AB1ED5CFE400CC436B /* OpenSans-Italic.ttf */; };
		836CD3B11ED5CFE400CC436B /* OpenSans-Regular.ttf in Resources */ = {isa = PBXBuildFile; fileRef = 836CD3AC1ED5CFE400CC436B /* OpenSans-Regular.ttf */; };
		836CD3B21ED5CFE400CC436B /* OpenSans-Semibold.ttf in Resources */ = {isa = PBXBuildFile; fileRef = 836CD3AD1ED5CFE400CC436B /* OpenSans-Semibold.ttf */; };
		838F997B1ED9F1EB009B5C58 /* Assets.xcassets in Resources */ = {isa = PBXBuildFile; fileRef = 838F997A1ED9F1EB009B5C58 /* Assets.xcassets */; };
		838F997D1EDB406F009B5C58 /* MenuVC.swift in Sources */ = {isa = PBXBuildFile; fileRef = 838F997C1EDB406F009B5C58 /* MenuVC.swift */; };
		838F997F1EDB4BD7009B5C58 /* AdvancedToolsVC.swift in Sources */ = {isa = PBXBuildFile; fileRef = 838F997E1EDB4BD7009B5C58 /* AdvancedToolsVC.swift */; };
		839293361EE37FB0002C72CB /* AlertInfo.plist in Resources */ = {isa = PBXBuildFile; fileRef = 839293351EE37FB0002C72CB /* AlertInfo.plist */; };
		8392933A1EE384D5002C72CB /* iNotify.m in Sources */ = {isa = PBXBuildFile; fileRef = 839293391EE384D5002C72CB /* iNotify.m */; };
		839A74EE1ED5470D00B46DE0 /* AppDelegate.swift in Sources */ = {isa = PBXBuildFile; fileRef = 839A74ED1ED5470D00B46DE0 /* AppDelegate.swift */; };
		839A74F01ED5470D00B46DE0 /* ViewController.swift in Sources */ = {isa = PBXBuildFile; fileRef = 839A74EF1ED5470D00B46DE0 /* ViewController.swift */; };
		839A74F31ED5470D00B46DE0 /* Main.storyboard in Resources */ = {isa = PBXBuildFile; fileRef = 839A74F11ED5470D00B46DE0 /* Main.storyboard */; };
		839A74F81ED5470D00B46DE0 /* LaunchScreen.storyboard in Resources */ = {isa = PBXBuildFile; fileRef = 839A74F61ED5470D00B46DE0 /* LaunchScreen.storyboard */; };
		CE8C09FFEF3B0DA5F4BA3AEE /* Pods_Your_Happiness_Now.framework in Frameworks */ = {isa = PBXBuildFile; fileRef = D88EAA77B278B4AA9AE3AB44 /* Pods_Your_Happiness_Now.framework */; };
/* End PBXBuildFile section */

/* Begin PBXFileReference section */
		2968932C0B7C15924D4DE28D /* Pods-Your Happiness Now.debug.xcconfig */ = {isa = PBXFileReference; includeInIndex = 1; lastKnownFileType = text.xcconfig; name = "Pods-Your Happiness Now.debug.xcconfig"; path = "Pods/Target Support Files/Pods-Your Happiness Now/Pods-Your Happiness Now.debug.xcconfig"; sourceTree = "<group>"; };
		65997841F2E3B84ACBC6F8ED /* Pods-Your Happiness Now.release.xcconfig */ = {isa = PBXFileReference; includeInIndex = 1; lastKnownFileType = text.xcconfig; name = "Pods-Your Happiness Now.release.xcconfig"; path = "Pods/Target Support Files/Pods-Your Happiness Now/Pods-Your Happiness Now.release.xcconfig"; sourceTree = "<group>"; };
		834E5EEC1EDDC696008C8F93 /* VideosVC.swift */ = {isa = PBXFileReference; fileEncoding = 4; lastKnownFileType = sourcecode.swift; path = VideosVC.swift; sourceTree = "<group>"; };
		834E5EF01EDDC725008C8F93 /* ResourcesVC.swift */ = {isa = PBXFileReference; fileEncoding = 4; lastKnownFileType = sourcecode.swift; path = ResourcesVC.swift; sourceTree = "<group>"; };
		834E5EF21EDDCFD5008C8F93 /* Video.plist */ = {isa = PBXFileReference; lastKnownFileType = file.bplist; path = Video.plist; sourceTree = "<group>"; };
		834E5EF41EDDE04A008C8F93 /* Tools.plist */ = {isa = PBXFileReference; lastKnownFileType = file.bplist; path = Tools.plist; sourceTree = "<group>"; };
		834E5F031EDDE66C008C8F93 /* UIWebView-loadPDF.swift */ = {isa = PBXFileReference; fileEncoding = 4; lastKnownFileType = sourcecode.swift; name = "UIWebView-loadPDF.swift"; path = "Your Happiness Now/Extensions/UIWebView-loadPDF.swift"; sourceTree = "<group>"; };
		834E5F051EDDE71D008C8F93 /* PDFVC.swift */ = {isa = PBXFileReference; fileEncoding = 4; lastKnownFileType = sourcecode.swift; path = PDFVC.swift; sourceTree = "<group>"; };
		835B41101EDF1702007DDEAA /* NewContentsTableViewCell.swift */ = {isa = PBXFileReference; fileEncoding = 4; lastKnownFileType = sourcecode.swift; path = NewContentsTableViewCell.swift; sourceTree = "<group>"; };
		836CD3851ED5CEA100CC436B /* UITextView-Configuration.swift */ = {isa = PBXFileReference; fileEncoding = 4; lastKnownFileType = sourcecode.swift; name = "UITextView-Configuration.swift"; path = "Your Happiness Now/Extensions/UITextView-Configuration.swift"; sourceTree = "<group>"; };
		836CD3871ED5CECB00CC436B /* UIFont-TextStyles.swift */ = {isa = PBXFileReference; fileEncoding = 4; lastKnownFileType = sourcecode.swift; name = "UIFont-TextStyles.swift"; path = "Your Happiness Now/Extensions/UIFont-TextStyles.swift"; sourceTree = "<group>"; };
		836CD3891ED5CEF100CC436B /* UIColor-Swatches.swift */ = {isa = PBXFileReference; fileEncoding = 4; lastKnownFileType = sourcecode.swift; name = "UIColor-Swatches.swift"; path = "Your Happiness Now/Extensions/UIColor-Swatches.swift"; sourceTree = "<group>"; };
		836CD38B1ED5CF0C00CC436B /* NSObject-callSelector.swift */ = {isa = PBXFileReference; fileEncoding = 4; lastKnownFileType = sourcecode.swift; name = "NSObject-callSelector.swift"; path = "Your Happiness Now/Extensions/NSObject-callSelector.swift"; sourceTree = "<group>"; };
		836CD38F1ED5CF7C00CC436B /* ArticleVC.swift */ = {isa = PBXFileReference; fileEncoding = 4; lastKnownFileType = sourcecode.swift; path = ArticleVC.swift; sourceTree = "<group>"; };
		836CD3901ED5CF7C00CC436B /* ChapterVC.swift */ = {isa = PBXFileReference; fileEncoding = 4; lastKnownFileType = sourcecode.swift; path = ChapterVC.swift; sourceTree = "<group>"; };
		836CD3911ED5CF7C00CC436B /* ContentsVC.swift */ = {isa = PBXFileReference; fileEncoding = 4; lastKnownFileType = sourcecode.swift; path = ContentsVC.swift; sourceTree = "<group>"; };
		836CD3931ED5CF7C00CC436B /* ScrollingNav.swift */ = {isa = PBXFileReference; fileEncoding = 4; lastKnownFileType = sourcecode.swift; path = ScrollingNav.swift; sourceTree = "<group>"; };
		836CD39C1ED5CFD700CC436B /* FileHelper.swift */ = {isa = PBXFileReference; fileEncoding = 4; lastKnownFileType = sourcecode.swift; path = FileHelper.swift; sourceTree = "<group>"; };
		836CD39D1ED5CFD700CC436B /* TextStyles.swift */ = {isa = PBXFileReference; fileEncoding = 4; lastKnownFileType = sourcecode.swift; path = TextStyles.swift; sourceTree = "<group>"; };
		836CD39F1ED5CFD700CC436B /* ChapterView.swift */ = {isa = PBXFileReference; fileEncoding = 4; lastKnownFileType = sourcecode.swift; path = ChapterView.swift; sourceTree = "<group>"; };
		836CD3A01ED5CFD700CC436B /* ContentsTableViewCell.swift */ = {isa = PBXFileReference; fileEncoding = 4; lastKnownFileType = sourcecode.swift; path = ContentsTableViewCell.swift; sourceTree = "<group>"; };
		836CD3A11ED5CFD700CC436B /* MenuTableViewCell.swift */ = {isa = PBXFileReference; fileEncoding = 4; lastKnownFileType = sourcecode.swift; path = MenuTableViewCell.swift; sourceTree = "<group>"; };
		836CD3A91ED5CFE400CC436B /* Montserrat-Bold.ttf */ = {isa = PBXFileReference; lastKnownFileType = file; path = "Montserrat-Bold.ttf"; sourceTree = "<group>"; };
		836CD3AA1ED5CFE400CC436B /* Montserrat-Regular.ttf */ = {isa = PBXFileReference; lastKnownFileType = file; path = "Montserrat-Regular.ttf"; sourceTree = "<group>"; };
		836CD3AB1ED5CFE400CC436B /* OpenSans-Italic.ttf */ = {isa = PBXFileReference; lastKnownFileType = file; path = "OpenSans-Italic.ttf"; sourceTree = "<group>"; };
		836CD3AC1ED5CFE400CC436B /* OpenSans-Regular.ttf */ = {isa = PBXFileReference; lastKnownFileType = file; path = "OpenSans-Regular.ttf"; sourceTree = "<group>"; };
		836CD3AD1ED5CFE400CC436B /* OpenSans-Semibold.ttf */ = {isa = PBXFileReference; lastKnownFileType = file; path = "OpenSans-Semibold.ttf"; sourceTree = "<group>"; };
		838F997A1ED9F1EB009B5C58 /* Assets.xcassets */ = {isa = PBXFileReference; lastKnownFileType = folder.assetcatalog; name = Assets.xcassets; path = ../Assets.xcassets; sourceTree = "<group>"; };
		838F997C1EDB406F009B5C58 /* MenuVC.swift */ = {isa = PBXFileReference; fileEncoding = 4; lastKnownFileType = sourcecode.swift; path = MenuVC.swift; sourceTree = "<group>"; };
		838F997E1EDB4BD7009B5C58 /* AdvancedToolsVC.swift */ = {isa = PBXFileReference; fileEncoding = 4; lastKnownFileType = sourcecode.swift; path = AdvancedToolsVC.swift; sourceTree = "<group>"; };
		839293351EE37FB0002C72CB /* AlertInfo.plist */ = {isa = PBXFileReference; fileEncoding = 4; lastKnownFileType = text.plist.xml; path = AlertInfo.plist; sourceTree = "<group>"; };
		839293371EE384D4002C72CB /* Your Happiness Now-Bridging-Header.h */ = {isa = PBXFileReference; lastKnownFileType = sourcecode.c.h; path = "Your Happiness Now-Bridging-Header.h"; sourceTree = "<group>"; };
		839293381EE384D5002C72CB /* iNotify.h */ = {isa = PBXFileReference; fileEncoding = 4; lastKnownFileType = sourcecode.c.h; path = iNotify.h; sourceTree = "<group>"; };
		839293391EE384D5002C72CB /* iNotify.m */ = {isa = PBXFileReference; fileEncoding = 4; lastKnownFileType = sourcecode.c.objc; path = iNotify.m; sourceTree = "<group>"; };
		839A74EA1ED5470D00B46DE0 /* Your Happiness Now.app */ = {isa = PBXFileReference; explicitFileType = wrapper.application; includeInIndex = 0; path = "Your Happiness Now.app"; sourceTree = BUILT_PRODUCTS_DIR; };
		839A74ED1ED5470D00B46DE0 /* AppDelegate.swift */ = {isa = PBXFileReference; lastKnownFileType = sourcecode.swift; path = AppDelegate.swift; sourceTree = "<group>"; };
		839A74EF1ED5470D00B46DE0 /* ViewController.swift */ = {isa = PBXFileReference; lastKnownFileType = sourcecode.swift; path = ViewController.swift; sourceTree = "<group>"; };
		839A74F21ED5470D00B46DE0 /* Base */ = {isa = PBXFileReference; lastKnownFileType = file.storyboard; name = Base; path = Base.lproj/Main.storyboard; sourceTree = "<group>"; };
		839A74F71ED5470D00B46DE0 /* Base */ = {isa = PBXFileReference; lastKnownFileType = file.storyboard; name = Base; path = Base.lproj/LaunchScreen.storyboard; sourceTree = "<group>"; };
		839A74F91ED5470D00B46DE0 /* Info.plist */ = {isa = PBXFileReference; lastKnownFileType = text.plist.xml; path = Info.plist; sourceTree = "<group>"; };
		D88EAA77B278B4AA9AE3AB44 /* Pods_Your_Happiness_Now.framework */ = {isa = PBXFileReference; explicitFileType = wrapper.framework; includeInIndex = 0; path = Pods_Your_Happiness_Now.framework; sourceTree = BUILT_PRODUCTS_DIR; };
/* End PBXFileReference section */

/* Begin PBXFrameworksBuildPhase section */
		839A74E71ED5470D00B46DE0 /* Frameworks */ = {
			isa = PBXFrameworksBuildPhase;
			buildActionMask = 2147483647;
			files = (
				CE8C09FFEF3B0DA5F4BA3AEE /* Pods_Your_Happiness_Now.framework in Frameworks */,
			);
			runOnlyForDeploymentPostprocessing = 0;
		};
/* End PBXFrameworksBuildPhase section */

/* Begin PBXGroup section */
		836CD3841ED5CE7A00CC436B /* Extensions */ = {
			isa = PBXGroup;
			children = (
				836CD3851ED5CEA100CC436B /* UITextView-Configuration.swift */,
				836CD3871ED5CECB00CC436B /* UIFont-TextStyles.swift */,
				836CD3891ED5CEF100CC436B /* UIColor-Swatches.swift */,
				836CD38B1ED5CF0C00CC436B /* NSObject-callSelector.swift */,
				834E5F031EDDE66C008C8F93 /* UIWebView-loadPDF.swift */,
			);
			name = Extensions;
			path = ..;
			sourceTree = "<group>";
		};
		836CD38D1ED5CF7C00CC436B /* Controllers */ = {
			isa = PBXGroup;
			children = (
				836CD38F1ED5CF7C00CC436B /* ArticleVC.swift */,
				836CD3901ED5CF7C00CC436B /* ChapterVC.swift */,
				836CD3911ED5CF7C00CC436B /* ContentsVC.swift */,
				838F997C1EDB406F009B5C58 /* MenuVC.swift */,
				836CD3931ED5CF7C00CC436B /* ScrollingNav.swift */,
				838F997E1EDB4BD7009B5C58 /* AdvancedToolsVC.swift */,
				834E5EF01EDDC725008C8F93 /* ResourcesVC.swift */,
				834E5EEC1EDDC696008C8F93 /* VideosVC.swift */,
				834E5F051EDDE71D008C8F93 /* PDFVC.swift */,
			);
			path = Controllers;
			sourceTree = "<group>";
		};
		836CD39A1ED5CFD700CC436B /* Utility */ = {
			isa = PBXGroup;
			children = (
				839293371EE384D4002C72CB /* Your Happiness Now-Bridging-Header.h */,
				839293381EE384D5002C72CB /* iNotify.h */,
				839293391EE384D5002C72CB /* iNotify.m */,
				836CD39C1ED5CFD700CC436B /* FileHelper.swift */,
				836CD39D1ED5CFD700CC436B /* TextStyles.swift */,
			);
			path = Utility;
			sourceTree = "<group>";
		};
		836CD39E1ED5CFD700CC436B /* Views */ = {
			isa = PBXGroup;
			children = (
				836CD39F1ED5CFD700CC436B /* ChapterView.swift */,
				836CD3A01ED5CFD700CC436B /* ContentsTableViewCell.swift */,
				835B41101EDF1702007DDEAA /* NewContentsTableViewCell.swift */,
				836CD3A11ED5CFD700CC436B /* MenuTableViewCell.swift */,
			);
			path = Views;
			sourceTree = "<group>";
		};
		836CD3A81ED5CFE400CC436B /* Fonts */ = {
			isa = PBXGroup;
			children = (
				836CD3A91ED5CFE400CC436B /* Montserrat-Bold.ttf */,
				836CD3AA1ED5CFE400CC436B /* Montserrat-Regular.ttf */,
				836CD3AB1ED5CFE400CC436B /* OpenSans-Italic.ttf */,
				836CD3AC1ED5CFE400CC436B /* OpenSans-Regular.ttf */,
				836CD3AD1ED5CFE400CC436B /* OpenSans-Semibold.ttf */,
			);
			path = Fonts;
			sourceTree = "<group>";
		};
		839A74E11ED5470D00B46DE0 = {
			isa = PBXGroup;
			children = (
				839A74EC1ED5470D00B46DE0 /* Your Happiness Now */,
				839A74EB1ED5470D00B46DE0 /* Products */,
				A7A8E72CD8FC3C820CD20F3B /* Pods */,
				FA5F8608A5C556B62AC3BCDB /* Frameworks */,
			);
			sourceTree = "<group>";
		};
		839A74EB1ED5470D00B46DE0 /* Products */ = {
			isa = PBXGroup;
			children = (
				839A74EA1ED5470D00B46DE0 /* Your Happiness Now.app */,
			);
			name = Products;
			sourceTree = "<group>";
		};
		839A74EC1ED5470D00B46DE0 /* Your Happiness Now */ = {
			isa = PBXGroup;
			children = (
				838F997A1ED9F1EB009B5C58 /* Assets.xcassets */,
				836CD3A81ED5CFE400CC436B /* Fonts */,
				836CD39A1ED5CFD700CC436B /* Utility */,
				836CD39E1ED5CFD700CC436B /* Views */,
				836CD38D1ED5CF7C00CC436B /* Controllers */,
				836CD3841ED5CE7A00CC436B /* Extensions */,
				839A74ED1ED5470D00B46DE0 /* AppDelegate.swift */,
				839A74EF1ED5470D00B46DE0 /* ViewController.swift */,
				839A74F11ED5470D00B46DE0 /* Main.storyboard */,
				839A74F61ED5470D00B46DE0 /* LaunchScreen.storyboard */,
				834E5EF21EDDCFD5008C8F93 /* Video.plist */,
				834E5EF41EDDE04A008C8F93 /* Tools.plist */,
				839A74F91ED5470D00B46DE0 /* Info.plist */,
				839293351EE37FB0002C72CB /* AlertInfo.plist */,
			);
			path = "Your Happiness Now";
			sourceTree = "<group>";
		};
		A7A8E72CD8FC3C820CD20F3B /* Pods */ = {
			isa = PBXGroup;
			children = (
				2968932C0B7C15924D4DE28D /* Pods-Your Happiness Now.debug.xcconfig */,
				65997841F2E3B84ACBC6F8ED /* Pods-Your Happiness Now.release.xcconfig */,
			);
			name = Pods;
			sourceTree = "<group>";
		};
		FA5F8608A5C556B62AC3BCDB /* Frameworks */ = {
			isa = PBXGroup;
			children = (
				D88EAA77B278B4AA9AE3AB44 /* Pods_Your_Happiness_Now.framework */,
			);
			name = Frameworks;
			sourceTree = "<group>";
		};
/* End PBXGroup section */

/* Begin PBXNativeTarget section */
		839A74E91ED5470D00B46DE0 /* Your Happiness Now */ = {
			isa = PBXNativeTarget;
			buildConfigurationList = 839A74FC1ED5470D00B46DE0 /* Build configuration list for PBXNativeTarget "Your Happiness Now" */;
			buildPhases = (
				B0E07FE7974AA9CFD9964AEF /* [CP] Check Pods Manifest.lock */,
				839A74E61ED5470D00B46DE0 /* Sources */,
				839A74E71ED5470D00B46DE0 /* Frameworks */,
				839A74E81ED5470D00B46DE0 /* Resources */,
				24B00AEFE759320237815F2A /* [CP] Embed Pods Frameworks */,
				738E335335C4D38A497994E2 /* [CP] Copy Pods Resources */,
			);
			buildRules = (
			);
			dependencies = (
			);
			name = "Your Happiness Now";
			productName = "Your Happiness Now";
			productReference = 839A74EA1ED5470D00B46DE0 /* Your Happiness Now.app */;
			productType = "com.apple.product-type.application";
		};
/* End PBXNativeTarget section */

/* Begin PBXProject section */
		839A74E21ED5470D00B46DE0 /* Project object */ = {
			isa = PBXProject;
			attributes = {
				LastSwiftUpdateCheck = 0830;
				LastUpgradeCheck = 0830;
				ORGANIZATIONNAME = "Six Voices";
				TargetAttributes = {
					839A74E91ED5470D00B46DE0 = {
						CreatedOnToolsVersion = 8.3.2;
						DevelopmentTeam = 75NPGEFXH4;
						LastSwiftMigration = 0830;
						ProvisioningStyle = Manual;
					};
				};
			};
			buildConfigurationList = 839A74E51ED5470D00B46DE0 /* Build configuration list for PBXProject "Your Happiness Now" */;
			compatibilityVersion = "Xcode 3.2";
			developmentRegion = English;
			hasScannedForEncodings = 0;
			knownRegions = (
				en,
				Base,
			);
			mainGroup = 839A74E11ED5470D00B46DE0;
			productRefGroup = 839A74EB1ED5470D00B46DE0 /* Products */;
			projectDirPath = "";
			projectRoot = "";
			targets = (
				839A74E91ED5470D00B46DE0 /* Your Happiness Now */,
			);
		};
/* End PBXProject section */

/* Begin PBXResourcesBuildPhase section */
		839A74E81ED5470D00B46DE0 /* Resources */ = {
			isa = PBXResourcesBuildPhase;
			buildActionMask = 2147483647;
			files = (
				836CD3AE1ED5CFE400CC436B /* Montserrat-Bold.ttf in Resources */,
				834E5EF31EDDCFD5008C8F93 /* Video.plist in Resources */,
				839A74F81ED5470D00B46DE0 /* LaunchScreen.storyboard in Resources */,
				836CD3B11ED5CFE400CC436B /* OpenSans-Regular.ttf in Resources */,
				834E5EF51EDDE04A008C8F93 /* Tools.plist in Resources */,
				839293361EE37FB0002C72CB /* AlertInfo.plist in Resources */,
				836CD3B21ED5CFE400CC436B /* OpenSans-Semibold.ttf in Resources */,
				836CD3B01ED5CFE400CC436B /* OpenSans-Italic.ttf in Resources */,
				836CD3AF1ED5CFE400CC436B /* Montserrat-Regular.ttf in Resources */,
				838F997B1ED9F1EB009B5C58 /* Assets.xcassets in Resources */,
				839A74F31ED5470D00B46DE0 /* Main.storyboard in Resources */,
			);
			runOnlyForDeploymentPostprocessing = 0;
		};
/* End PBXResourcesBuildPhase section */

/* Begin PBXShellScriptBuildPhase section */
		24B00AEFE759320237815F2A /* [CP] Embed Pods Frameworks */ = {
			isa = PBXShellScriptBuildPhase;
			buildActionMask = 2147483647;
			files = (
			);
			inputPaths = (
			);
			name = "[CP] Embed Pods Frameworks";
			outputPaths = (
			);
			runOnlyForDeploymentPostprocessing = 0;
			shellPath = /bin/sh;
			shellScript = "\"${SRCROOT}/Pods/Target Support Files/Pods-Your Happiness Now/Pods-Your Happiness Now-frameworks.sh\"\n";
			showEnvVarsInLog = 0;
		};
		738E335335C4D38A497994E2 /* [CP] Copy Pods Resources */ = {
			isa = PBXShellScriptBuildPhase;
			buildActionMask = 2147483647;
			files = (
			);
			inputPaths = (
			);
			name = "[CP] Copy Pods Resources";
			outputPaths = (
			);
			runOnlyForDeploymentPostprocessing = 0;
			shellPath = /bin/sh;
			shellScript = "\"${SRCROOT}/Pods/Target Support Files/Pods-Your Happiness Now/Pods-Your Happiness Now-resources.sh\"\n";
			showEnvVarsInLog = 0;
		};
		B0E07FE7974AA9CFD9964AEF /* [CP] Check Pods Manifest.lock */ = {
			isa = PBXShellScriptBuildPhase;
			buildActionMask = 2147483647;
			files = (
			);
			inputPaths = (
			);
			name = "[CP] Check Pods Manifest.lock";
			outputPaths = (
			);
			runOnlyForDeploymentPostprocessing = 0;
			shellPath = /bin/sh;
			shellScript = "diff \"${PODS_PODFILE_DIR_PATH}/Podfile.lock\" \"${PODS_ROOT}/Manifest.lock\" > /dev/null\nif [ $? != 0 ] ; then\n    # print error to STDERR\n    echo \"error: The sandbox is not in sync with the Podfile.lock. Run 'pod install' or update your CocoaPods installation.\" >&2\n    exit 1\nfi\n";
			showEnvVarsInLog = 0;
		};
/* End PBXShellScriptBuildPhase section */

/* Begin PBXSourcesBuildPhase section */
		839A74E61ED5470D00B46DE0 /* Sources */ = {
			isa = PBXSourcesBuildPhase;
			buildActionMask = 2147483647;
			files = (
				8392933A1EE384D5002C72CB /* iNotify.m in Sources */,
				834E5F061EDDE71D008C8F93 /* PDFVC.swift in Sources */,
				836CD3861ED5CEA100CC436B /* UITextView-Configuration.swift in Sources */,
				836CD3881ED5CECB00CC436B /* UIFont-TextStyles.swift in Sources */,
				839A74F01ED5470D00B46DE0 /* ViewController.swift in Sources */,
				836CD3A31ED5CFD700CC436B /* FileHelper.swift in Sources */,
				834E5F041EDDE66C008C8F93 /* UIWebView-loadPDF.swift in Sources */,
				838F997D1EDB406F009B5C58 /* MenuVC.swift in Sources */,
				838F997F1EDB4BD7009B5C58 /* AdvancedToolsVC.swift in Sources */,
				839A74EE1ED5470D00B46DE0 /* AppDelegate.swift in Sources */,
				836CD3A61ED5CFD700CC436B /* ContentsTableViewCell.swift in Sources */,
				834E5EED1EDDC696008C8F93 /* VideosVC.swift in Sources */,
				836CD3961ED5CF7C00CC436B /* ChapterVC.swift in Sources */,
				836CD3991ED5CF7C00CC436B /* ScrollingNav.swift in Sources */,
				836CD3971ED5CF7C00CC436B /* ContentsVC.swift in Sources */,
				836CD38C1ED5CF0C00CC436B /* NSObject-callSelector.swift in Sources */,
				834E5EF11EDDC725008C8F93 /* ResourcesVC.swift in Sources */,
				836CD3A41ED5CFD700CC436B /* TextStyles.swift in Sources */,
				836CD3A71ED5CFD700CC436B /* MenuTableViewCell.swift in Sources */,
				835B41111EDF1702007DDEAA /* NewContentsTableViewCell.swift in Sources */,
				836CD38A1ED5CEF100CC436B /* UIColor-Swatches.swift in Sources */,
				836CD3A51ED5CFD700CC436B /* ChapterView.swift in Sources */,
				836CD3951ED5CF7C00CC436B /* ArticleVC.swift in Sources */,
			);
			runOnlyForDeploymentPostprocessing = 0;
		};
/* End PBXSourcesBuildPhase section */

/* Begin PBXVariantGroup section */
		839A74F11ED5470D00B46DE0 /* Main.storyboard */ = {
			isa = PBXVariantGroup;
			children = (
				839A74F21ED5470D00B46DE0 /* Base */,
			);
			name = Main.storyboard;
			sourceTree = "<group>";
		};
		839A74F61ED5470D00B46DE0 /* LaunchScreen.storyboard */ = {
			isa = PBXVariantGroup;
			children = (
				839A74F71ED5470D00B46DE0 /* Base */,
			);
			name = LaunchScreen.storyboard;
			sourceTree = "<group>";
		};
/* End PBXVariantGroup section */

/* Begin XCBuildConfiguration section */
		839A74FA1ED5470D00B46DE0 /* Debug */ = {
			isa = XCBuildConfiguration;
			buildSettings = {
				ALWAYS_SEARCH_USER_PATHS = NO;
				CLANG_ANALYZER_NONNULL = YES;
				CLANG_ANALYZER_NUMBER_OBJECT_CONVERSION = YES_AGGRESSIVE;
				CLANG_CXX_LANGUAGE_STANDARD = "gnu++0x";
				CLANG_CXX_LIBRARY = "libc++";
				CLANG_ENABLE_MODULES = YES;
				CLANG_ENABLE_OBJC_ARC = YES;
				CLANG_WARN_BOOL_CONVERSION = YES;
				CLANG_WARN_CONSTANT_CONVERSION = YES;
				CLANG_WARN_DIRECT_OBJC_ISA_USAGE = YES_ERROR;
				CLANG_WARN_DOCUMENTATION_COMMENTS = YES;
				CLANG_WARN_EMPTY_BODY = YES;
				CLANG_WARN_ENUM_CONVERSION = YES;
				CLANG_WARN_INFINITE_RECURSION = YES;
				CLANG_WARN_INT_CONVERSION = YES;
				CLANG_WARN_OBJC_ROOT_CLASS = YES_ERROR;
				CLANG_WARN_SUSPICIOUS_MOVE = YES;
				CLANG_WARN_UNREACHABLE_CODE = YES;
				CLANG_WARN__DUPLICATE_METHOD_MATCH = YES;
				"CODE_SIGN_IDENTITY[sdk=iphoneos*]" = "iPhone Developer";
				COPY_PHASE_STRIP = NO;
				DEBUG_INFORMATION_FORMAT = dwarf;
				ENABLE_STRICT_OBJC_MSGSEND = YES;
				ENABLE_TESTABILITY = YES;
				GCC_C_LANGUAGE_STANDARD = gnu99;
				GCC_DYNAMIC_NO_PIC = NO;
				GCC_NO_COMMON_BLOCKS = YES;
				GCC_OPTIMIZATION_LEVEL = 0;
				GCC_PREPROCESSOR_DEFINITIONS = (
					"DEBUG=1",
					"$(inherited)",
				);
				GCC_WARN_64_TO_32_BIT_CONVERSION = YES;
				GCC_WARN_ABOUT_RETURN_TYPE = YES_ERROR;
				GCC_WARN_UNDECLARED_SELECTOR = YES;
				GCC_WARN_UNINITIALIZED_AUTOS = YES_AGGRESSIVE;
				GCC_WARN_UNUSED_FUNCTION = YES;
				GCC_WARN_UNUSED_VARIABLE = YES;
				IPHONEOS_DEPLOYMENT_TARGET = 10.3;
				MTL_ENABLE_DEBUG_INFO = YES;
				ONLY_ACTIVE_ARCH = YES;
				SDKROOT = iphoneos;
				SWIFT_ACTIVE_COMPILATION_CONDITIONS = DEBUG;
				SWIFT_OPTIMIZATION_LEVEL = "-Onone";
			};
			name = Debug;
		};
		839A74FB1ED5470D00B46DE0 /* Release */ = {
			isa = XCBuildConfiguration;
			buildSettings = {
				ALWAYS_SEARCH_USER_PATHS = NO;
				CLANG_ANALYZER_NONNULL = YES;
				CLANG_ANALYZER_NUMBER_OBJECT_CONVERSION = YES_AGGRESSIVE;
				CLANG_CXX_LANGUAGE_STANDARD = "gnu++0x";
				CLANG_CXX_LIBRARY = "libc++";
				CLANG_ENABLE_MODULES = YES;
				CLANG_ENABLE_OBJC_ARC = YES;
				CLANG_WARN_BOOL_CONVERSION = YES;
				CLANG_WARN_CONSTANT_CONVERSION = YES;
				CLANG_WARN_DIRECT_OBJC_ISA_USAGE = YES_ERROR;
				CLANG_WARN_DOCUMENTATION_COMMENTS = YES;
				CLANG_WARN_EMPTY_BODY = YES;
				CLANG_WARN_ENUM_CONVERSION = YES;
				CLANG_WARN_INFINITE_RECURSION = YES;
				CLANG_WARN_INT_CONVERSION = YES;
				CLANG_WARN_OBJC_ROOT_CLASS = YES_ERROR;
				CLANG_WARN_SUSPICIOUS_MOVE = YES;
				CLANG_WARN_UNREACHABLE_CODE = YES;
				CLANG_WARN__DUPLICATE_METHOD_MATCH = YES;
				"CODE_SIGN_IDENTITY[sdk=iphoneos*]" = "iPhone Developer";
				COPY_PHASE_STRIP = NO;
				DEBUG_INFORMATION_FORMAT = "dwarf-with-dsym";
				ENABLE_NS_ASSERTIONS = NO;
				ENABLE_STRICT_OBJC_MSGSEND = YES;
				GCC_C_LANGUAGE_STANDARD = gnu99;
				GCC_NO_COMMON_BLOCKS = YES;
				GCC_WARN_64_TO_32_BIT_CONVERSION = YES;
				GCC_WARN_ABOUT_RETURN_TYPE = YES_ERROR;
				GCC_WARN_UNDECLARED_SELECTOR = YES;
				GCC_WARN_UNINITIALIZED_AUTOS = YES_AGGRESSIVE;
				GCC_WARN_UNUSED_FUNCTION = YES;
				GCC_WARN_UNUSED_VARIABLE = YES;
				IPHONEOS_DEPLOYMENT_TARGET = 10.3;
				MTL_ENABLE_DEBUG_INFO = NO;
				SDKROOT = iphoneos;
				SWIFT_OPTIMIZATION_LEVEL = "-Owholemodule";
				VALIDATE_PRODUCT = YES;
			};
			name = Release;
		};
		839A74FD1ED5470D00B46DE0 /* Debug */ = {
			isa = XCBuildConfiguration;
			baseConfigurationReference = 2968932C0B7C15924D4DE28D /* Pods-Your Happiness Now.debug.xcconfig */;
			buildSettings = {
				ASSETCATALOG_COMPILER_APPICON_NAME = AppIcon;
				CLANG_ENABLE_MODULES = YES;
				"CODE_SIGN_IDENTITY[sdk=iphoneos*]" = "iPhone Distribution";
				DEVELOPMENT_TEAM = 75NPGEFXH4;
				INFOPLIST_FILE = "Your Happiness Now/Info.plist";
				LD_RUNPATH_SEARCH_PATHS = "$(inherited) @executable_path/Frameworks";
				PRODUCT_BUNDLE_IDENTIFIER = com.sixvoices.happy;
				PRODUCT_NAME = "$(TARGET_NAME)";
				PROVISIONING_PROFILE = "577b30e6-7fdf-4262-808d-b66e43313b88";
				PROVISIONING_PROFILE_SPECIFIER = "XC iOS: com.sixvoices.happy";
				SWIFT_OBJC_BRIDGING_HEADER = "Your Happiness Now/Utility/Your Happiness Now-Bridging-Header.h";
				SWIFT_OPTIMIZATION_LEVEL = "-Onone";
				SWIFT_VERSION = 3.0;
				TARGETED_DEVICE_FAMILY = "1,2";
			};
			name = Debug;
		};
		839A74FE1ED5470D00B46DE0 /* Release */ = {
			isa = XCBuildConfiguration;
			baseConfigurationReference = 65997841F2E3B84ACBC6F8ED /* Pods-Your Happiness Now.release.xcconfig */;
			buildSettings = {
				ASSETCATALOG_COMPILER_APPICON_NAME = AppIcon;
				CLANG_ENABLE_MODULES = YES;
				"CODE_SIGN_IDENTITY[sdk=iphoneos*]" = "iPhone Distribution";
				DEVELOPMENT_TEAM = 75NPGEFXH4;
				INFOPLIST_FILE = "Your Happiness Now/Info.plist";
				LD_RUNPATH_SEARCH_PATHS = "$(inherited) @executable_path/Frameworks";
				PRODUCT_BUNDLE_IDENTIFIER = com.sixvoices.happy;
				PRODUCT_NAME = "$(TARGET_NAME)";
				PROVISIONING_PROFILE = "577b30e6-7fdf-4262-808d-b66e43313b88";
				PROVISIONING_PROFILE_SPECIFIER = "XC iOS: com.sixvoices.happy";
				SWIFT_OBJC_BRIDGING_HEADER = "Your Happiness Now/Utility/Your Happiness Now-Bridging-Header.h";
				SWIFT_VERSION = 3.0;
				TARGETED_DEVICE_FAMILY = "1,2";
			};
			name = Release;
		};
/* End XCBuildConfiguration section */

/* Begin XCConfigurationList section */
		839A74E51ED5470D00B46DE0 /* Build configuration list for PBXProject "Your Happiness Now" */ = {
			isa = XCConfigurationList;
			buildConfigurations = (
				839A74FA1ED5470D00B46DE0 /* Debug */,
				839A74FB1ED5470D00B46DE0 /* Release */,
			);
			defaultConfigurationIsVisible = 0;
			defaultConfigurationName = Release;
		};
		839A74FC1ED5470D00B46DE0 /* Build configuration list for PBXNativeTarget "Your Happiness Now" */ = {
			isa = XCConfigurationList;
			buildConfigurations = (
				839A74FD1ED5470D00B46DE0 /* Debug */,
				839A74FE1ED5470D00B46DE0 /* Release */,
			);
			defaultConfigurationIsVisible = 0;
			defaultConfigurationName = Release;
		};
/* End XCConfigurationList section */
	};
	rootObject = 839A74E21ED5470D00B46DE0 /* Project object */;
}
